
Microsoft Visual Studio Solution File, Format Version 12.00
# Visual Studio 15
VisualStudioVersion = 15.0.28307.106
MinimumVisualStudioVersion = 10.0.40219.1
Project("{FAE04EC0-301F-11D3-BF4B-00C04F79EFBC}") = "RangeLibrary", "RangeLibrary\RangeLibrary.csproj", "{D3531E9E-2E33-4320-9BA2-AABDE92EA721}"
EndProject
Project("{FAE04EC0-301F-11D3-BF4B-00C04F79EFBC}") = "RangeTest", "RangeTest\RangeTest.csproj", "{7507FA8B-2F8C-4446-8F11-16C946C8334A}"
EndProject
Global
	GlobalSection(SolutionConfigurationPlatforms) = preSolution
		Debug|Any CPU = Debug|Any CPU
		Release|Any CPU = Release|Any CPU
	EndGlobalSection
	GlobalSection(ProjectConfigurationPlatforms) = postSolution
		{D3531E9E-2E33-4320-9BA2-AABDE92EA721}.Debug|Any CPU.ActiveCfg = Debug|Any CPU
		{D3531E9E-2E33-4320-9BA2-AABDE92EA721}.Debug|Any CPU.Build.0 = Debug|Any CPU
		{D3531E9E-2E33-4320-9BA2-AABDE92EA721}.Release|Any CPU.ActiveCfg = Release|Any CPU
		{D3531E9E-2E33-4320-9BA2-AABDE92EA721}.Release|Any CPU.Build.0 = Release|Any CPU
		{7507FA8B-2F8C-4446-8F11-16C946C8334A}.Debug|Any CPU.ActiveCfg = Debug|Any CPU
		{7507FA8B-2F8C-4446-8F11-16C946C8334A}.Debug|Any CPU.Build.0 = Debug|Any CPU
		{7507FA8B-2F8C-4446-8F11-16C946C8334A}.Release|Any CPU.ActiveCfg = Release|Any CPU
		{7507FA8B-2F8C-4446-8F11-16C946C8334A}.Release|Any CPU.Build.0 = Release|Any CPU
	EndGlobalSection
	GlobalSection(SolutionProperties) = preSolution
		HideSolutionNode = FALSE
	EndGlobalSection
	GlobalSection(ExtensibilityGlobals) = postSolution
		SolutionGuid = {5EA58B64-69FD-46B9-A59E-88FB7C6532C0}
	EndGlobalSection
EndGlobal
